
Microsoft Visual Studio Solution File, Format Version 9.00
# Visual C++ Express 2005
Project("{8BC9CEB8-8B4A-11D0-8D11-00A0C91BC942}") = "bigbank.client", "bigbank.client\bigbank.client.vcproj", "{992AACB6-A3BD-489B-9C5B-5363E5A01CBE}"
EndProject
Project("{8BC9CEB8-8B4A-11D0-8D11-00A0C91BC942}") = "bigbank.account", "bigbank.account\bigbank.account.vcproj", "{808B20C7-F853-4F92-89A6-ADA10C52C28C}"
	ProjectSection(ProjectDependencies) = postProject
		{992AACB6-A3BD-489B-9C5B-5363E5A01CBE} = {992AACB6-A3BD-489B-9C5B-5363E5A01CBE}
	EndProjectSection
EndProject
Project("{8BC9CEB8-8B4A-11D0-8D11-00A0C91BC942}") = "Build", "Build\Build.vcproj", "{ECD99F95-6AE5-42B8-8285-6341AD1B4D22}"
	ProjectSection(ProjectDependencies) = postProject
		{B6F4E9B1-1F88-424B-9C5E-65079C455AD0} = {B6F4E9B1-1F88-424B-9C5E-65079C455AD0}
		{992AACB6-A3BD-489B-9C5B-5363E5A01CBE} = {992AACB6-A3BD-489B-9C5B-5363E5A01CBE}
		{808B20C7-F853-4F92-89A6-ADA10C52C28C} = {808B20C7-F853-4F92-89A6-ADA10C52C28C}
	EndProjectSection
EndProject
Project("{8BC9CEB8-8B4A-11D0-8D11-00A0C91BC942}") = "bigbank.wsclient", "bigbank.wsclient\bigbank.wsclient.vcproj", "{B6F4E9B1-1F88-424B-9C5E-65079C455AD0}"
EndProject
Global
	GlobalSection(SolutionConfigurationPlatforms) = preSolution
		Debug|Win32 = Debug|Win32
		Release|Win32 = Release|Win32
	EndGlobalSection
	GlobalSection(ProjectConfigurationPlatforms) = postSolution
		{992AACB6-A3BD-489B-9C5B-5363E5A01CBE}.Debug|Win32.ActiveCfg = Debug|Win32
		{992AACB6-A3BD-489B-9C5B-5363E5A01CBE}.Debug|Win32.Build.0 = Debug|Win32
		{992AACB6-A3BD-489B-9C5B-5363E5A01CBE}.Release|Win32.ActiveCfg = Release|Win32
		{992AACB6-A3BD-489B-9C5B-5363E5A01CBE}.Release|Win32.Build.0 = Release|Win32
		{808B20C7-F853-4F92-89A6-ADA10C52C28C}.Debug|Win32.ActiveCfg = Debug|Win32
		{808B20C7-F853-4F92-89A6-ADA10C52C28C}.Debug|Win32.Build.0 = Debug|Win32
		{808B20C7-F853-4F92-89A6-ADA10C52C28C}.Release|Win32.ActiveCfg = Release|Win32
		{808B20C7-F853-4F92-89A6-ADA10C52C28C}.Release|Win32.Build.0 = Release|Win32
		{ECD99F95-6AE5-42B8-8285-6341AD1B4D22}.Debug|Win32.ActiveCfg = Debug|Win32
		{ECD99F95-6AE5-42B8-8285-6341AD1B4D22}.Debug|Win32.Build.0 = Debug|Win32
		{ECD99F95-6AE5-42B8-8285-6341AD1B4D22}.Release|Win32.ActiveCfg = Release|Win32
		{ECD99F95-6AE5-42B8-8285-6341AD1B4D22}.Release|Win32.Build.0 = Release|Win32
		{B6F4E9B1-1F88-424B-9C5E-65079C455AD0}.Debug|Win32.ActiveCfg = Debug|Win32
		{B6F4E9B1-1F88-424B-9C5E-65079C455AD0}.Debug|Win32.Build.0 = Debug|Win32
		{B6F4E9B1-1F88-424B-9C5E-65079C455AD0}.Release|Win32.ActiveCfg = Release|Win32
		{B6F4E9B1-1F88-424B-9C5E-65079C455AD0}.Release|Win32.Build.0 = Release|Win32
	EndGlobalSection
	GlobalSection(SolutionProperties) = preSolution
		HideSolutionNode = FALSE
	EndGlobalSection
EndGlobal
