
Microsoft Visual Studio Solution File, Format Version 9.00
# Visual C++ Express 2005
Project("{8BC9CEB8-8B4A-11D0-8D11-00A0C91BC942}") = "Build", "Build\Build.vcproj", "{DE6DB733-17B8-40EC-B01D-6665C84347B4}"
	ProjectSection(ProjectDependencies) = postProject
		{B7B0A0BD-F511-4F77-845D-B78A632FA099} = {B7B0A0BD-F511-4F77-845D-B78A632FA099}
		{C255EE00-A218-4A7F-8767-C3B2F24E60B1} = {C255EE00-A218-4A7F-8767-C3B2F24E60B1}
		{4E16D015-6578-4D78-8DF0-82A98DB56CC3} = {4E16D015-6578-4D78-8DF0-82A98DB56CC3}
		{E13F6477-84B6-4F60-8E51-78848D5C339E} = {E13F6477-84B6-4F60-8E51-78848D5C339E}
		{739F4B82-E119-4E0F-B5E0-729D3BF22F47} = {739F4B82-E119-4E0F-B5E0-729D3BF22F47}
		{29DA398E-ED24-4C7D-BA77-88CD96DA54A0} = {29DA398E-ED24-4C7D-BA77-88CD96DA54A0}
		{B5630E91-D747-4520-8089-0EAAB76BE600} = {B5630E91-D747-4520-8089-0EAAB76BE600}
		{FE557491-82A6-4610-9059-5C2C4BCFBFBD} = {FE557491-82A6-4610-9059-5C2C4BCFBFBD}
		{F721B298-4AD0-44F0-A53D-6CD5DD718688} = {F721B298-4AD0-44F0-A53D-6CD5DD718688}
		{E35EC8A6-A7CA-49EC-8C23-AC186F9D27C2} = {E35EC8A6-A7CA-49EC-8C23-AC186F9D27C2}
		{AF06B4A8-F3F4-41BE-B12E-AE7D421BF0A2} = {AF06B4A8-F3F4-41BE-B12E-AE7D421BF0A2}
		{6D7429AA-A268-4F21-B93B-A61776C9C96F} = {6D7429AA-A268-4F21-B93B-A61776C9C96F}
		{B8B866BF-EF67-49C8-B111-5A8D0D99FE34} = {B8B866BF-EF67-49C8-B111-5A8D0D99FE34}
		{287EB9DF-08E5-4D2F-BCCC-46F374B55AB3} = {287EB9DF-08E5-4D2F-BCCC-46F374B55AB3}
		{13E1E4E1-0891-44C2-A9BF-1F6B5F2D81BF} = {13E1E4E1-0891-44C2-A9BF-1F6B5F2D81BF}
	EndProjectSection
EndProject
Project("{8BC9CEB8-8B4A-11D0-8D11-00A0C91BC942}") = "tuscany_sca", "tuscany_sca\tuscany_sca.vcproj", "{E13F6477-84B6-4F60-8E51-78848D5C339E}"
EndProject
Project("{8BC9CEB8-8B4A-11D0-8D11-00A0C91BC942}") = "tuscany_sca_cpp", "tuscany_sca_cpp\tuscany_sca_cpp.vcproj", "{AF06B4A8-F3F4-41BE-B12E-AE7D421BF0A2}"
	ProjectSection(ProjectDependencies) = postProject
		{E13F6477-84B6-4F60-8E51-78848D5C339E} = {E13F6477-84B6-4F60-8E51-78848D5C339E}
	EndProjectSection
EndProject
Project("{8BC9CEB8-8B4A-11D0-8D11-00A0C91BC942}") = "tuscany_sca_python", "tuscany_sca_python\tuscany_sca_python.vcproj", "{E35EC8A6-A7CA-49EC-8C23-AC186F9D27C2}"
	ProjectSection(ProjectDependencies) = postProject
		{E13F6477-84B6-4F60-8E51-78848D5C339E} = {E13F6477-84B6-4F60-8E51-78848D5C339E}
	EndProjectSection
EndProject
Project("{8BC9CEB8-8B4A-11D0-8D11-00A0C91BC942}") = "tuscany_sca_ruby", "tuscany_sca_ruby\tuscany_sca_ruby.vcproj", "{B5630E91-D747-4520-8089-0EAAB76BE600}"
	ProjectSection(ProjectDependencies) = postProject
		{B7B0A0BD-F511-4F77-845D-B78A632FA099} = {B7B0A0BD-F511-4F77-845D-B78A632FA099}
		{E13F6477-84B6-4F60-8E51-78848D5C339E} = {E13F6477-84B6-4F60-8E51-78848D5C339E}
	EndProjectSection
EndProject
Project("{8BC9CEB8-8B4A-11D0-8D11-00A0C91BC942}") = "tuscany_sca_ws_dispatcher", "tuscany_sca_ws_dispatcher\tuscany_sca_ws_dispatcher.vcproj", "{4E16D015-6578-4D78-8DF0-82A98DB56CC3}"
EndProject
Project("{8BC9CEB8-8B4A-11D0-8D11-00A0C91BC942}") = "tuscany_sca_ws_reference", "tuscany_sca_ws_reference\tuscany_sca_ws_reference.vcproj", "{F721B298-4AD0-44F0-A53D-6CD5DD718688}"
	ProjectSection(ProjectDependencies) = postProject
		{E13F6477-84B6-4F60-8E51-78848D5C339E} = {E13F6477-84B6-4F60-8E51-78848D5C339E}
	EndProjectSection
EndProject
Project("{8BC9CEB8-8B4A-11D0-8D11-00A0C91BC942}") = "tuscany_sca_ws_service", "tuscany_sca_ws_service\tuscany_sca_ws_service.vcproj", "{13E1E4E1-0891-44C2-A9BF-1F6B5F2D81BF}"
	ProjectSection(ProjectDependencies) = postProject
		{E13F6477-84B6-4F60-8E51-78848D5C339E} = {E13F6477-84B6-4F60-8E51-78848D5C339E}
	EndProjectSection
EndProject
Project("{8BC9CEB8-8B4A-11D0-8D11-00A0C91BC942}") = "tuscany_sca_python_sca_module", "tuscany_sca_python_sca_module\tuscany_sca_python_sca_module.vcproj", "{C255EE00-A218-4A7F-8767-C3B2F24E60B1}"
	ProjectSection(ProjectDependencies) = postProject
		{E13F6477-84B6-4F60-8E51-78848D5C339E} = {E13F6477-84B6-4F60-8E51-78848D5C339E}
		{E35EC8A6-A7CA-49EC-8C23-AC186F9D27C2} = {E35EC8A6-A7CA-49EC-8C23-AC186F9D27C2}
	EndProjectSection
EndProject
Project("{8BC9CEB8-8B4A-11D0-8D11-00A0C91BC942}") = "tuscany_sca_scabinding_reference", "tuscany_sca_scabinding_reference\tuscany_sca_scabinding_reference.vcproj", "{6D7429AA-A268-4F21-B93B-A61776C9C96F}"
	ProjectSection(ProjectDependencies) = postProject
		{F721B298-4AD0-44F0-A53D-6CD5DD718688} = {F721B298-4AD0-44F0-A53D-6CD5DD718688}
	EndProjectSection
EndProject
Project("{8BC9CEB8-8B4A-11D0-8D11-00A0C91BC942}") = "tuscany_sca_scabinding_service", "tuscany_sca_scabinding_service\tuscany_sca_scabinding_service.vcproj", "{FE557491-82A6-4610-9059-5C2C4BCFBFBD}"
	ProjectSection(ProjectDependencies) = postProject
		{13E1E4E1-0891-44C2-A9BF-1F6B5F2D81BF} = {13E1E4E1-0891-44C2-A9BF-1F6B5F2D81BF}
	EndProjectSection
EndProject
Project("{8BC9CEB8-8B4A-11D0-8D11-00A0C91BC942}") = "tuscany_sca_rest_reference", "tuscany_sca_rest_reference\tuscany_sca_rest_reference.vcproj", "{29DA398E-ED24-4C7D-BA77-88CD96DA54A0}"
	ProjectSection(ProjectDependencies) = postProject
		{E13F6477-84B6-4F60-8E51-78848D5C339E} = {E13F6477-84B6-4F60-8E51-78848D5C339E}
		{287EB9DF-08E5-4D2F-BCCC-46F374B55AB3} = {287EB9DF-08E5-4D2F-BCCC-46F374B55AB3}
	EndProjectSection
EndProject
Project("{8BC9CEB8-8B4A-11D0-8D11-00A0C91BC942}") = "tuscany_sca_rest_service", "tuscany_sca_rest_service\tuscany_sca_rest_service.vcproj", "{B8B866BF-EF67-49C8-B111-5A8D0D99FE34}"
	ProjectSection(ProjectDependencies) = postProject
		{E13F6477-84B6-4F60-8E51-78848D5C339E} = {E13F6477-84B6-4F60-8E51-78848D5C339E}
	EndProjectSection
EndProject
Project("{8BC9CEB8-8B4A-11D0-8D11-00A0C91BC942}") = "tuscany_sca_rest_mod_rest", "tuscany_sca_rest_mod_rest\tuscany_sca_rest_mod_rest.vcproj", "{739F4B82-E119-4E0F-B5E0-729D3BF22F47}"
	ProjectSection(ProjectDependencies) = postProject
		{B8B866BF-EF67-49C8-B111-5A8D0D99FE34} = {B8B866BF-EF67-49C8-B111-5A8D0D99FE34}
		{287EB9DF-08E5-4D2F-BCCC-46F374B55AB3} = {287EB9DF-08E5-4D2F-BCCC-46F374B55AB3}
	EndProjectSection
EndProject
Project("{8BC9CEB8-8B4A-11D0-8D11-00A0C91BC942}") = "tuscany_sca_rest_interface", "tuscany_sca_rest_interface\tuscany_sca_rest_interface.vcproj", "{287EB9DF-08E5-4D2F-BCCC-46F374B55AB3}"
	ProjectSection(ProjectDependencies) = postProject
		{E13F6477-84B6-4F60-8E51-78848D5C339E} = {E13F6477-84B6-4F60-8E51-78848D5C339E}
	EndProjectSection
EndProject
Project("{8BC9CEB8-8B4A-11D0-8D11-00A0C91BC942}") = "tuscany_sca_php", "tuscany_sca_php\tuscany_sca_php.vcproj", "{28E45334-1F59-45CB-93EE-FB787D81B6D2}"
EndProject
Project("{8BC9CEB8-8B4A-11D0-8D11-00A0C91BC942}") = "tuscany_sca_ruby_lang", "tuscany_sca_ruby_lang\tuscany_sca_ruby_lang.vcproj", "{B7B0A0BD-F511-4F77-845D-B78A632FA099}"
EndProject
Global
	GlobalSection(SolutionConfigurationPlatforms) = preSolution
		Debug|Win32 = Debug|Win32
		Release|Win32 = Release|Win32
	EndGlobalSection
	GlobalSection(ProjectConfigurationPlatforms) = postSolution
		{DE6DB733-17B8-40EC-B01D-6665C84347B4}.Debug|Win32.ActiveCfg = Debug|Win32
		{DE6DB733-17B8-40EC-B01D-6665C84347B4}.Debug|Win32.Build.0 = Debug|Win32
		{DE6DB733-17B8-40EC-B01D-6665C84347B4}.Release|Win32.ActiveCfg = Release|Win32
		{DE6DB733-17B8-40EC-B01D-6665C84347B4}.Release|Win32.Build.0 = Release|Win32
		{E13F6477-84B6-4F60-8E51-78848D5C339E}.Debug|Win32.ActiveCfg = Debug|Win32
		{E13F6477-84B6-4F60-8E51-78848D5C339E}.Debug|Win32.Build.0 = Debug|Win32
		{E13F6477-84B6-4F60-8E51-78848D5C339E}.Release|Win32.ActiveCfg = Release|Win32
		{E13F6477-84B6-4F60-8E51-78848D5C339E}.Release|Win32.Build.0 = Release|Win32
		{AF06B4A8-F3F4-41BE-B12E-AE7D421BF0A2}.Debug|Win32.ActiveCfg = Debug|Win32
		{AF06B4A8-F3F4-41BE-B12E-AE7D421BF0A2}.Debug|Win32.Build.0 = Debug|Win32
		{AF06B4A8-F3F4-41BE-B12E-AE7D421BF0A2}.Release|Win32.ActiveCfg = Release|Win32
		{AF06B4A8-F3F4-41BE-B12E-AE7D421BF0A2}.Release|Win32.Build.0 = Release|Win32
		{E35EC8A6-A7CA-49EC-8C23-AC186F9D27C2}.Debug|Win32.ActiveCfg = Debug|Win32
		{E35EC8A6-A7CA-49EC-8C23-AC186F9D27C2}.Release|Win32.ActiveCfg = Release|Win32
		{B5630E91-D747-4520-8089-0EAAB76BE600}.Debug|Win32.ActiveCfg = Debug|Win32
		{B5630E91-D747-4520-8089-0EAAB76BE600}.Release|Win32.ActiveCfg = Release|Win32
		{4E16D015-6578-4D78-8DF0-82A98DB56CC3}.Debug|Win32.ActiveCfg = Debug|Win32
		{4E16D015-6578-4D78-8DF0-82A98DB56CC3}.Debug|Win32.Build.0 = Debug|Win32
		{4E16D015-6578-4D78-8DF0-82A98DB56CC3}.Release|Win32.ActiveCfg = Release|Win32
		{4E16D015-6578-4D78-8DF0-82A98DB56CC3}.Release|Win32.Build.0 = Release|Win32
		{F721B298-4AD0-44F0-A53D-6CD5DD718688}.Debug|Win32.ActiveCfg = Debug|Win32
		{F721B298-4AD0-44F0-A53D-6CD5DD718688}.Debug|Win32.Build.0 = Debug|Win32
		{F721B298-4AD0-44F0-A53D-6CD5DD718688}.Release|Win32.ActiveCfg = Release|Win32
		{F721B298-4AD0-44F0-A53D-6CD5DD718688}.Release|Win32.Build.0 = Release|Win32
		{13E1E4E1-0891-44C2-A9BF-1F6B5F2D81BF}.Debug|Win32.ActiveCfg = Debug|Win32
		{13E1E4E1-0891-44C2-A9BF-1F6B5F2D81BF}.Debug|Win32.Build.0 = Debug|Win32
		{13E1E4E1-0891-44C2-A9BF-1F6B5F2D81BF}.Release|Win32.ActiveCfg = Release|Win32
		{13E1E4E1-0891-44C2-A9BF-1F6B5F2D81BF}.Release|Win32.Build.0 = Release|Win32
		{C255EE00-A218-4A7F-8767-C3B2F24E60B1}.Debug|Win32.ActiveCfg = Debug|Win32
		{C255EE00-A218-4A7F-8767-C3B2F24E60B1}.Release|Win32.ActiveCfg = Release|Win32
		{6D7429AA-A268-4F21-B93B-A61776C9C96F}.Debug|Win32.ActiveCfg = Debug|Win32
		{6D7429AA-A268-4F21-B93B-A61776C9C96F}.Debug|Win32.Build.0 = Debug|Win32
		{6D7429AA-A268-4F21-B93B-A61776C9C96F}.Release|Win32.ActiveCfg = Release|Win32
		{6D7429AA-A268-4F21-B93B-A61776C9C96F}.Release|Win32.Build.0 = Release|Win32
		{FE557491-82A6-4610-9059-5C2C4BCFBFBD}.Debug|Win32.ActiveCfg = Debug|Win32
		{FE557491-82A6-4610-9059-5C2C4BCFBFBD}.Debug|Win32.Build.0 = Debug|Win32
		{FE557491-82A6-4610-9059-5C2C4BCFBFBD}.Release|Win32.ActiveCfg = Release|Win32
		{FE557491-82A6-4610-9059-5C2C4BCFBFBD}.Release|Win32.Build.0 = Release|Win32
		{29DA398E-ED24-4C7D-BA77-88CD96DA54A0}.Debug|Win32.ActiveCfg = Debug|Win32
		{29DA398E-ED24-4C7D-BA77-88CD96DA54A0}.Debug|Win32.Build.0 = Debug|Win32
		{29DA398E-ED24-4C7D-BA77-88CD96DA54A0}.Release|Win32.ActiveCfg = Release|Win32
		{29DA398E-ED24-4C7D-BA77-88CD96DA54A0}.Release|Win32.Build.0 = Release|Win32
		{B8B866BF-EF67-49C8-B111-5A8D0D99FE34}.Debug|Win32.ActiveCfg = Debug|Win32
		{B8B866BF-EF67-49C8-B111-5A8D0D99FE34}.Debug|Win32.Build.0 = Debug|Win32
		{B8B866BF-EF67-49C8-B111-5A8D0D99FE34}.Release|Win32.ActiveCfg = Release|Win32
		{B8B866BF-EF67-49C8-B111-5A8D0D99FE34}.Release|Win32.Build.0 = Release|Win32
		{739F4B82-E119-4E0F-B5E0-729D3BF22F47}.Debug|Win32.ActiveCfg = Debug|Win32
		{739F4B82-E119-4E0F-B5E0-729D3BF22F47}.Debug|Win32.Build.0 = Debug|Win32
		{739F4B82-E119-4E0F-B5E0-729D3BF22F47}.Release|Win32.ActiveCfg = Release|Win32
		{739F4B82-E119-4E0F-B5E0-729D3BF22F47}.Release|Win32.Build.0 = Release|Win32
		{287EB9DF-08E5-4D2F-BCCC-46F374B55AB3}.Debug|Win32.ActiveCfg = Debug|Win32
		{287EB9DF-08E5-4D2F-BCCC-46F374B55AB3}.Debug|Win32.Build.0 = Debug|Win32
		{287EB9DF-08E5-4D2F-BCCC-46F374B55AB3}.Release|Win32.ActiveCfg = Release|Win32
		{287EB9DF-08E5-4D2F-BCCC-46F374B55AB3}.Release|Win32.Build.0 = Release|Win32
		{28E45334-1F59-45CB-93EE-FB787D81B6D2}.Debug|Win32.ActiveCfg = Debug|Win32
		{28E45334-1F59-45CB-93EE-FB787D81B6D2}.Debug|Win32.Build.0 = Debug|Win32
		{28E45334-1F59-45CB-93EE-FB787D81B6D2}.Release|Win32.ActiveCfg = Release|Win32
		{28E45334-1F59-45CB-93EE-FB787D81B6D2}.Release|Win32.Build.0 = Release|Win32
		{B7B0A0BD-F511-4F77-845D-B78A632FA099}.Debug|Win32.ActiveCfg = Debug|Win32
		{B7B0A0BD-F511-4F77-845D-B78A632FA099}.Debug|Win32.Build.0 = Debug|Win32
		{B7B0A0BD-F511-4F77-845D-B78A632FA099}.Release|Win32.ActiveCfg = Release|Win32
		{B7B0A0BD-F511-4F77-845D-B78A632FA099}.Release|Win32.Build.0 = Release|Win32
	EndGlobalSection
	GlobalSection(SolutionProperties) = preSolution
		HideSolutionNode = FALSE
	EndGlobalSection
EndGlobal
