Microsoft Visual Studio Solution File, Format Version 8.00
Project("{8BC9CEB8-8B4A-11D0-8D11-00A0C91BC942}") = "sdo_misc", "sdo_misc\sdo_misc.vcproj", "{0B4E79E7-D66A-4501-9941-580C3E00A382}"
	ProjectSection(ProjectDependencies) = postProject
	EndProjectSection
EndProject
Global
	GlobalSection(SolutionConfiguration) = preSolution
		Debug = Debug
		Release = Release
		stdcxx-Debug = stdcxx-Debug
		stdcxx-Release = stdcxx-Release
	EndGlobalSection
	GlobalSection(ProjectDependencies) = postSolution
	EndGlobalSection
	GlobalSection(ProjectConfiguration) = postSolution
		{0B4E79E7-D66A-4501-9941-580C3E00A382}.Debug.ActiveCfg = Debug|Win32
		{0B4E79E7-D66A-4501-9941-580C3E00A382}.Debug.Build.0 = Debug|Win32
		{0B4E79E7-D66A-4501-9941-580C3E00A382}.Release.ActiveCfg = Release|Win32
		{0B4E79E7-D66A-4501-9941-580C3E00A382}.Release.Build.0 = Release|Win32
		{0B4E79E7-D66A-4501-9941-580C3E00A382}.stdcxx-Debug.ActiveCfg = stdcxx-Debug|Win32
		{0B4E79E7-D66A-4501-9941-580C3E00A382}.stdcxx-Debug.Build.0 = stdcxx-Debug|Win32
		{0B4E79E7-D66A-4501-9941-580C3E00A382}.stdcxx-Release.ActiveCfg = stdcxx-Release|Win32
		{0B4E79E7-D66A-4501-9941-580C3E00A382}.stdcxx-Release.Build.0 = stdcxx-Release|Win32
	EndGlobalSection
	GlobalSection(ExtensibilityGlobals) = postSolution
	EndGlobalSection
	GlobalSection(ExtensibilityAddIns) = postSolution
	EndGlobalSection
EndGlobal
