
Microsoft Visual Studio Solution File, Format Version 9.00
# Visual C++ Express 2005
Project("{8BC9CEB8-8B4A-11D0-8D11-00A0C91BC942}") = "Build", "Build\Build.vcproj", "{4D8888D4-CC80-4008-B3B4-6772A0CA9010}"
	ProjectSection(ProjectDependencies) = postProject
		{8DD6E7A7-912D-49DD-9517-A91E8FB040D3} = {8DD6E7A7-912D-49DD-9517-A91E8FB040D3}
		{799C40A9-9DDB-4DCD-806D-50205508AE0E} = {799C40A9-9DDB-4DCD-806D-50205508AE0E}
	EndProjectSection
EndProject
Project("{8BC9CEB8-8B4A-11D0-8D11-00A0C91BC942}") = "sample.calculator", "sample.calculator\sample.calculator.vcproj", "{8DD6E7A7-912D-49DD-9517-A91E8FB040D3}"
EndProject
Project("{8BC9CEB8-8B4A-11D0-8D11-00A0C91BC942}") = "sample.calculator.client", "sample.calculator.client\sample.calculator.client.vcproj", "{799C40A9-9DDB-4DCD-806D-50205508AE0E}"
EndProject
Global
	GlobalSection(SolutionConfigurationPlatforms) = preSolution
		Debug|Win32 = Debug|Win32
		Release|Win32 = Release|Win32
	EndGlobalSection
	GlobalSection(ProjectConfigurationPlatforms) = postSolution
		{4D8888D4-CC80-4008-B3B4-6772A0CA9010}.Debug|Win32.ActiveCfg = Debug|Win32
		{4D8888D4-CC80-4008-B3B4-6772A0CA9010}.Debug|Win32.Build.0 = Debug|Win32
		{4D8888D4-CC80-4008-B3B4-6772A0CA9010}.Release|Win32.ActiveCfg = Release|Win32
		{4D8888D4-CC80-4008-B3B4-6772A0CA9010}.Release|Win32.Build.0 = Release|Win32
		{8DD6E7A7-912D-49DD-9517-A91E8FB040D3}.Debug|Win32.ActiveCfg = Debug|Win32
		{8DD6E7A7-912D-49DD-9517-A91E8FB040D3}.Debug|Win32.Build.0 = Debug|Win32
		{8DD6E7A7-912D-49DD-9517-A91E8FB040D3}.Release|Win32.ActiveCfg = Release|Win32
		{8DD6E7A7-912D-49DD-9517-A91E8FB040D3}.Release|Win32.Build.0 = Release|Win32
		{799C40A9-9DDB-4DCD-806D-50205508AE0E}.Debug|Win32.ActiveCfg = Debug|Win32
		{799C40A9-9DDB-4DCD-806D-50205508AE0E}.Debug|Win32.Build.0 = Debug|Win32
		{799C40A9-9DDB-4DCD-806D-50205508AE0E}.Release|Win32.ActiveCfg = Release|Win32
		{799C40A9-9DDB-4DCD-806D-50205508AE0E}.Release|Win32.Build.0 = Release|Win32
	EndGlobalSection
	GlobalSection(SolutionProperties) = preSolution
		HideSolutionNode = FALSE
	EndGlobalSection
EndGlobal
