Microsoft Visual Studio Solution File, Format Version 8.00
Project("{8BC9CEB8-8B4A-11D0-8D11-00A0C91BC942}") = "tuscany_sca", "tuscany_sca\tuscany_sca.vcproj", "{02DBB555-DFF3-448A-BC35-569640FE73D9}"
	ProjectSection(ProjectDependencies) = postProject
	EndProjectSection
EndProject
Project("{8BC9CEB8-8B4A-11D0-8D11-00A0C91BC942}") = "tuscany_sca_cpp", "tuscany_sca_cpp\tuscany_sca_cpp.vcproj", "{61C87D0D-B2C9-4951-8296-CE2CFCC420A1}"
	ProjectSection(ProjectDependencies) = postProject
		{02DBB555-DFF3-448A-BC35-569640FE73D9} = {02DBB555-DFF3-448A-BC35-569640FE73D9}
	EndProjectSection
EndProject
Project("{8BC9CEB8-8B4A-11D0-8D11-00A0C91BC942}") = "tuscany_sca_ws_reference", "tuscany_sca_ws_reference\tuscany_sca_ws_reference.vcproj", "{7F4E797F-6BDC-472D-A51D-C81C8152DAF6}"
	ProjectSection(ProjectDependencies) = postProject
		{02DBB555-DFF3-448A-BC35-569640FE73D9} = {02DBB555-DFF3-448A-BC35-569640FE73D9}
	EndProjectSection
EndProject
Project("{8BC9CEB8-8B4A-11D0-8D11-00A0C91BC942}") = "tuscany_sca_ws_service", "tuscany_sca_ws_service\tuscany_sca_ws_service.vcproj", "{5DFDD169-BF84-4132-B87F-52AC601C8678}"
	ProjectSection(ProjectDependencies) = postProject
		{02DBB555-DFF3-448A-BC35-569640FE73D9} = {02DBB555-DFF3-448A-BC35-569640FE73D9}
	EndProjectSection
EndProject
Project("{8BC9CEB8-8B4A-11D0-8D11-00A0C91BC942}") = "tuscany_sca_python", "tuscany_sca_python\tuscany_sca_python.vcproj", "{C3DE6545-380A-45AE-9D55-0DE04AB7613C}"
	ProjectSection(ProjectDependencies) = postProject
	EndProjectSection
EndProject
Project("{8BC9CEB8-8B4A-11D0-8D11-00A0C91BC942}") = "tuscany_sca_ws_dispatcher", "tuscany_sca_ws_dispatcher\tuscany_sca_ws_dispatcher.vcproj", "{639AFB7F-A88C-4BCE-A2FC-A4E60CA5BCF5}"
	ProjectSection(ProjectDependencies) = postProject
	EndProjectSection
EndProject
Global
	GlobalSection(SolutionConfiguration) = preSolution
		Debug = Debug
		Release = Release
	EndGlobalSection
	GlobalSection(ProjectConfiguration) = postSolution
		{02DBB555-DFF3-448A-BC35-569640FE73D9}.Debug.ActiveCfg = Debug|Win32
		{02DBB555-DFF3-448A-BC35-569640FE73D9}.Debug.Build.0 = Debug|Win32
		{02DBB555-DFF3-448A-BC35-569640FE73D9}.Release.ActiveCfg = Release|Win32
		{02DBB555-DFF3-448A-BC35-569640FE73D9}.Release.Build.0 = Release|Win32
		{61C87D0D-B2C9-4951-8296-CE2CFCC420A1}.Debug.ActiveCfg = Debug|Win32
		{61C87D0D-B2C9-4951-8296-CE2CFCC420A1}.Debug.Build.0 = Debug|Win32
		{61C87D0D-B2C9-4951-8296-CE2CFCC420A1}.Release.ActiveCfg = Release|Win32
		{61C87D0D-B2C9-4951-8296-CE2CFCC420A1}.Release.Build.0 = Release|Win32
		{7F4E797F-6BDC-472D-A51D-C81C8152DAF6}.Debug.ActiveCfg = Debug|Win32
		{7F4E797F-6BDC-472D-A51D-C81C8152DAF6}.Debug.Build.0 = Debug|Win32
		{7F4E797F-6BDC-472D-A51D-C81C8152DAF6}.Release.ActiveCfg = Release|Win32
		{7F4E797F-6BDC-472D-A51D-C81C8152DAF6}.Release.Build.0 = Release|Win32
		{5DFDD169-BF84-4132-B87F-52AC601C8678}.Debug.ActiveCfg = Debug|Win32
		{5DFDD169-BF84-4132-B87F-52AC601C8678}.Debug.Build.0 = Debug|Win32
		{5DFDD169-BF84-4132-B87F-52AC601C8678}.Release.ActiveCfg = Release|Win32
		{5DFDD169-BF84-4132-B87F-52AC601C8678}.Release.Build.0 = Release|Win32
		{C3DE6545-380A-45AE-9D55-0DE04AB7613C}.Debug.ActiveCfg = Debug|Win32
		{C3DE6545-380A-45AE-9D55-0DE04AB7613C}.Debug.Build.0 = Debug|Win32
		{C3DE6545-380A-45AE-9D55-0DE04AB7613C}.Release.ActiveCfg = Release|Win32
		{C3DE6545-380A-45AE-9D55-0DE04AB7613C}.Release.Build.0 = Release|Win32
		{639AFB7F-A88C-4BCE-A2FC-A4E60CA5BCF5}.Debug.ActiveCfg = Debug|Win32
		{639AFB7F-A88C-4BCE-A2FC-A4E60CA5BCF5}.Debug.Build.0 = Debug|Win32
		{639AFB7F-A88C-4BCE-A2FC-A4E60CA5BCF5}.Release.ActiveCfg = Release|Win32
		{639AFB7F-A88C-4BCE-A2FC-A4E60CA5BCF5}.Release.Build.0 = Release|Win32
	EndGlobalSection
	GlobalSection(ExtensibilityGlobals) = postSolution
	EndGlobalSection
	GlobalSection(ExtensibilityAddIns) = postSolution
	EndGlobalSection
EndGlobal
