Microsoft Visual Studio Solution File, Format Version 7.00
Project("{8BC9CEB8-8B4A-11D0-8D11-00A0C91BC942}") = "tuscany_sca", "tuscany_sca\tuscany_sca.vcproj", "{2FC1B037-C30C-4B63-949E-B7467529671F}"
EndProject
Project("{8BC9CEB8-8B4A-11D0-8D11-00A0C91BC942}") = "tuscany_sca_test", "tuscany_sca_test\tuscany_sca_test.vcproj", "{2E87E2DB-3BE9-4FCF-9D16-9725A62A6BC5}"
EndProject
Project("{8BC9CEB8-8B4A-11D0-8D11-00A0C91BC942}") = "tuscany_sca_test_CustomerInfo", "tuscany_sca_test_CustomerInfo\tuscany_sca_test_CustomerInfo.vcproj", "{4CA34112-DC16-42E5-B6C6-66742E4F5CE1}"
EndProject
Project("{8BC9CEB8-8B4A-11D0-8D11-00A0C91BC942}") = "tuscany_sca_test_MyValue", "tuscany_sca_test_MyValue\tuscany_sca_test_MyValue.vcproj", "{664DD6E6-B551-45D3-83A9-49FFAEB4A4D2}"
EndProject
Project("{8BC9CEB8-8B4A-11D0-8D11-00A0C91BC942}") = "tuscany_sca_ws_service", "tuscany_sca_ws_service\tuscany_sca_ws_service.vcproj", "{A5943537-08D7-4A51-A7F0-B24400810738}"
EndProject
Global
	GlobalSection(SolutionConfiguration) = preSolution
		ConfigName.0 = Debug
		ConfigName.1 = Release
	EndGlobalSection
	GlobalSection(ProjectDependencies) = postSolution
		{2E87E2DB-3BE9-4FCF-9D16-9725A62A6BC5}.0 = {A5943537-08D7-4A51-A7F0-B24400810738}
		{2E87E2DB-3BE9-4FCF-9D16-9725A62A6BC5}.1 = {664DD6E6-B551-45D3-83A9-49FFAEB4A4D2}
		{2E87E2DB-3BE9-4FCF-9D16-9725A62A6BC5}.2 = {4CA34112-DC16-42E5-B6C6-66742E4F5CE1}
		{2E87E2DB-3BE9-4FCF-9D16-9725A62A6BC5}.3 = {2FC1B037-C30C-4B63-949E-B7467529671F}
		{4CA34112-DC16-42E5-B6C6-66742E4F5CE1}.0 = {2FC1B037-C30C-4B63-949E-B7467529671F}
		{664DD6E6-B551-45D3-83A9-49FFAEB4A4D2}.0 = {2FC1B037-C30C-4B63-949E-B7467529671F}
		{A5943537-08D7-4A51-A7F0-B24400810738}.0 = {2FC1B037-C30C-4B63-949E-B7467529671F}
	EndGlobalSection
	GlobalSection(ProjectConfiguration) = postSolution
		{2FC1B037-C30C-4B63-949E-B7467529671F}.Debug.ActiveCfg = Debug|Win32
		{2FC1B037-C30C-4B63-949E-B7467529671F}.Debug.Build.0 = Debug|Win32
		{2FC1B037-C30C-4B63-949E-B7467529671F}.Release.ActiveCfg = Release|Win32
		{2FC1B037-C30C-4B63-949E-B7467529671F}.Release.Build.0 = Release|Win32
		{2E87E2DB-3BE9-4FCF-9D16-9725A62A6BC5}.Debug.ActiveCfg = Debug|Win32
		{2E87E2DB-3BE9-4FCF-9D16-9725A62A6BC5}.Debug.Build.0 = Debug|Win32
		{2E87E2DB-3BE9-4FCF-9D16-9725A62A6BC5}.Release.ActiveCfg = Release|Win32
		{2E87E2DB-3BE9-4FCF-9D16-9725A62A6BC5}.Release.Build.0 = Release|Win32
		{4CA34112-DC16-42E5-B6C6-66742E4F5CE1}.Debug.ActiveCfg = Debug|Win32
		{4CA34112-DC16-42E5-B6C6-66742E4F5CE1}.Debug.Build.0 = Debug|Win32
		{4CA34112-DC16-42E5-B6C6-66742E4F5CE1}.Release.ActiveCfg = Release|Win32
		{4CA34112-DC16-42E5-B6C6-66742E4F5CE1}.Release.Build.0 = Release|Win32
		{664DD6E6-B551-45D3-83A9-49FFAEB4A4D2}.Debug.ActiveCfg = Debug|Win32
		{664DD6E6-B551-45D3-83A9-49FFAEB4A4D2}.Debug.Build.0 = Debug|Win32
		{664DD6E6-B551-45D3-83A9-49FFAEB4A4D2}.Release.ActiveCfg = Release|Win32
		{664DD6E6-B551-45D3-83A9-49FFAEB4A4D2}.Release.Build.0 = Release|Win32
		{A5943537-08D7-4A51-A7F0-B24400810738}.Debug.ActiveCfg = Debug|Win32
		{A5943537-08D7-4A51-A7F0-B24400810738}.Debug.Build.0 = Debug|Win32
		{A5943537-08D7-4A51-A7F0-B24400810738}.Release.ActiveCfg = Release|Win32
		{A5943537-08D7-4A51-A7F0-B24400810738}.Release.Build.0 = Release|Win32
	EndGlobalSection
	GlobalSection(ExtensibilityGlobals) = postSolution
	EndGlobalSection
	GlobalSection(ExtensibilityAddIns) = postSolution
	EndGlobalSection
EndGlobal
