Microsoft Visual Studio Solution File, Format Version 8.00
Project("{8BC9CEB8-8B4A-11D0-8D11-00A0C91BC942}") = "Calculator", "Calculator\Calculator.vcproj", "{B1C1917A-4423-456D-9F68-3C600C885A1F}"
	ProjectSection(ProjectDependencies) = postProject
	EndProjectSection
EndProject
Project("{8BC9CEB8-8B4A-11D0-8D11-00A0C91BC942}") = "Client", "Client\Client.vcproj", "{CA2CB545-D0E2-416C-BE93-90BC4DD82B90}"
	ProjectSection(ProjectDependencies) = postProject
		{B1C1917A-4423-456D-9F68-3C600C885A1F} = {B1C1917A-4423-456D-9F68-3C600C885A1F}
	EndProjectSection
EndProject
Project("{8BC9CEB8-8B4A-11D0-8D11-00A0C91BC942}") = "WSClient", "WSClient\WSClient.vcproj", "{3CDD5BC2-9722-4F7D-8B0E-1A49D34E7A17}"
	ProjectSection(ProjectDependencies) = postProject
		{B1C1917A-4423-456D-9F68-3C600C885A1F} = {B1C1917A-4423-456D-9F68-3C600C885A1F}
	EndProjectSection
EndProject
Global
	GlobalSection(SolutionConfiguration) = preSolution
		Debug = Debug
		Release = Release
	EndGlobalSection
	GlobalSection(ProjectConfiguration) = postSolution
		{B1C1917A-4423-456D-9F68-3C600C885A1F}.Debug.ActiveCfg = Debug|Win32
		{B1C1917A-4423-456D-9F68-3C600C885A1F}.Debug.Build.0 = Debug|Win32
		{B1C1917A-4423-456D-9F68-3C600C885A1F}.Release.ActiveCfg = Release|Win32
		{B1C1917A-4423-456D-9F68-3C600C885A1F}.Release.Build.0 = Release|Win32
		{CA2CB545-D0E2-416C-BE93-90BC4DD82B90}.Debug.ActiveCfg = Debug|Win32
		{CA2CB545-D0E2-416C-BE93-90BC4DD82B90}.Debug.Build.0 = Debug|Win32
		{CA2CB545-D0E2-416C-BE93-90BC4DD82B90}.Release.ActiveCfg = Release|Win32
		{CA2CB545-D0E2-416C-BE93-90BC4DD82B90}.Release.Build.0 = Release|Win32
		{3CDD5BC2-9722-4F7D-8B0E-1A49D34E7A17}.Debug.ActiveCfg = Debug|Win32
		{3CDD5BC2-9722-4F7D-8B0E-1A49D34E7A17}.Debug.Build.0 = Debug|Win32
		{3CDD5BC2-9722-4F7D-8B0E-1A49D34E7A17}.Release.ActiveCfg = Release|Win32
		{3CDD5BC2-9722-4F7D-8B0E-1A49D34E7A17}.Release.Build.0 = Release|Win32
	EndGlobalSection
	GlobalSection(ExtensibilityGlobals) = postSolution
	EndGlobalSection
	GlobalSection(ExtensibilityAddIns) = postSolution
	EndGlobalSection
EndGlobal
